
Microsoft Visual Studio Solution File, Format Version 12.00
# Visual Studio Version 17
VisualStudioVersion = 17.8.34330.188
MinimumVisualStudioVersion = 10.0.40219.1
Project("{FAE04EC0-301F-11D3-BF4B-00C04F79EFBC}") = "ThirdMvcProject", "ThirdMvcProject\ThirdMvcProject.csproj", "{4DF1E464-C87F-4B83-B595-FB3F0C1C9CDF}"
EndProject
Global
	GlobalSection(SolutionConfigurationPlatforms) = preSolution
		Debug|Any CPU = Debug|Any CPU
		Release|Any CPU = Release|Any CPU
	EndGlobalSection
	GlobalSection(ProjectConfigurationPlatforms) = postSolution
		{4DF1E464-C87F-4B83-B595-FB3F0C1C9CDF}.Debug|Any CPU.ActiveCfg = Debug|Any CPU
		{4DF1E464-C87F-4B83-B595-FB3F0C1C9CDF}.Debug|Any CPU.Build.0 = Debug|Any CPU
		{4DF1E464-C87F-4B83-B595-FB3F0C1C9CDF}.Release|Any CPU.ActiveCfg = Release|Any CPU
		{4DF1E464-C87F-4B83-B595-FB3F0C1C9CDF}.Release|Any CPU.Build.0 = Release|Any CPU
	EndGlobalSection
	GlobalSection(SolutionProperties) = preSolution
		HideSolutionNode = FALSE
	EndGlobalSection
	GlobalSection(ExtensibilityGlobals) = postSolution
		SolutionGuid = {D36A222F-B625-4B14-A3F7-4F229860A7F1}
	EndGlobalSection
EndGlobal
