
Microsoft Visual Studio Solution File, Format Version 12.00
# Visual Studio Version 17
VisualStudioVersion = 17.8.34330.188
MinimumVisualStudioVersion = 10.0.40219.1
Project("{FAE04EC0-301F-11D3-BF4B-00C04F79EFBC}") = "Asg9", "Asg9\Asg9.csproj", "{FBA27CCD-4D43-4F72-B90C-D059A4960A16}"
EndProject
Global
	GlobalSection(SolutionConfigurationPlatforms) = preSolution
		Debug|Any CPU = Debug|Any CPU
		Release|Any CPU = Release|Any CPU
	EndGlobalSection
	GlobalSection(ProjectConfigurationPlatforms) = postSolution
		{FBA27CCD-4D43-4F72-B90C-D059A4960A16}.Debug|Any CPU.ActiveCfg = Debug|Any CPU
		{FBA27CCD-4D43-4F72-B90C-D059A4960A16}.Debug|Any CPU.Build.0 = Debug|Any CPU
		{FBA27CCD-4D43-4F72-B90C-D059A4960A16}.Release|Any CPU.ActiveCfg = Release|Any CPU
		{FBA27CCD-4D43-4F72-B90C-D059A4960A16}.Release|Any CPU.Build.0 = Release|Any CPU
	EndGlobalSection
	GlobalSection(SolutionProperties) = preSolution
		HideSolutionNode = FALSE
	EndGlobalSection
	GlobalSection(ExtensibilityGlobals) = postSolution
		SolutionGuid = {095E370F-5FF2-4DCA-BE6D-521E5C6B8942}
	EndGlobalSection
EndGlobal
