
Microsoft Visual Studio Solution File, Format Version 12.00
# Visual Studio Version 17
VisualStudioVersion = 17.8.34330.188
MinimumVisualStudioVersion = 10.0.40219.1
Project("{FAE04EC0-301F-11D3-BF4B-00C04F79EFBC}") = "Assg13", "Assg13\Assg13.csproj", "{3946686E-F5A4-4D59-83F2-8E0BBA7619A9}"
EndProject
Global
	GlobalSection(SolutionConfigurationPlatforms) = preSolution
		Debug|Any CPU = Debug|Any CPU
		Release|Any CPU = Release|Any CPU
	EndGlobalSection
	GlobalSection(ProjectConfigurationPlatforms) = postSolution
		{3946686E-F5A4-4D59-83F2-8E0BBA7619A9}.Debug|Any CPU.ActiveCfg = Debug|Any CPU
		{3946686E-F5A4-4D59-83F2-8E0BBA7619A9}.Debug|Any CPU.Build.0 = Debug|Any CPU
		{3946686E-F5A4-4D59-83F2-8E0BBA7619A9}.Release|Any CPU.ActiveCfg = Release|Any CPU
		{3946686E-F5A4-4D59-83F2-8E0BBA7619A9}.Release|Any CPU.Build.0 = Release|Any CPU
	EndGlobalSection
	GlobalSection(SolutionProperties) = preSolution
		HideSolutionNode = FALSE
	EndGlobalSection
	GlobalSection(ExtensibilityGlobals) = postSolution
		SolutionGuid = {D53400F5-D6EC-4C88-9EC8-2E59A66030ED}
	EndGlobalSection
EndGlobal
