
Microsoft Visual Studio Solution File, Format Version 12.00
# Visual Studio Version 17
VisualStudioVersion = 17.8.34330.188
MinimumVisualStudioVersion = 10.0.40219.1
Project("{FAE04EC0-301F-11D3-BF4B-00C04F79EFBC}") = "ConnectedArchitecture", "ConnectedArchitecture\ConnectedArchitecture.csproj", "{8162AEE5-69B5-47EB-9E1B-306090727639}"
EndProject
Global
	GlobalSection(SolutionConfigurationPlatforms) = preSolution
		Debug|Any CPU = Debug|Any CPU
		Release|Any CPU = Release|Any CPU
	EndGlobalSection
	GlobalSection(ProjectConfigurationPlatforms) = postSolution
		{8162AEE5-69B5-47EB-9E1B-306090727639}.Debug|Any CPU.ActiveCfg = Debug|Any CPU
		{8162AEE5-69B5-47EB-9E1B-306090727639}.Debug|Any CPU.Build.0 = Debug|Any CPU
		{8162AEE5-69B5-47EB-9E1B-306090727639}.Release|Any CPU.ActiveCfg = Release|Any CPU
		{8162AEE5-69B5-47EB-9E1B-306090727639}.Release|Any CPU.Build.0 = Release|Any CPU
	EndGlobalSection
	GlobalSection(SolutionProperties) = preSolution
		HideSolutionNode = FALSE
	EndGlobalSection
	GlobalSection(ExtensibilityGlobals) = postSolution
		SolutionGuid = {E78A3792-49D5-4847-9A3F-945473CE49FA}
	EndGlobalSection
EndGlobal
